// !$*UTF8*$!
{
	archiveVersion = 1;
	classes = {
	};
	objectVersion = 77;
	objects = {

/* Begin PBXContainerItemProxy section */
		A84345892E01FBCE00F9680F /* PBXContainerItemProxy */ = {
			isa = PBXContainerItemProxy;
			containerPortal = A84345702E01FBCC00F9680F /* Project object */;
			proxyType = 1;
			remoteGlobalIDString = A84345772E01FBCC00F9680F;
			remoteInfo = AutoMate;
		};
		A84345932E01FBCE00F9680F /* PBXContainerItemProxy */ = {
			isa = PBXContainerItemProxy;
			containerPortal = A84345702E01FBCC00F9680F /* Project object */;
			proxyType = 1;
			remoteGlobalIDString = A84345772E01FBCC00F9680F;
			remoteInfo = AutoMate;
		};
/* End PBXContainerItemProxy section */

/* Begin PBXFileReference section */
		A84345782E01FBCD00F9680F /* AutoMate.app */ = {isa = PBXFileReference; explicitFileType = wrapper.application; includeInIndex = 0; path = AutoMate.app; sourceTree = BUILT_PRODUCTS_DIR; };
		A84345882E01FBCE00F9680F /* AutoMateTests.xctest */ = {isa = PBXFileReference; explicitFileType = wrapper.cfbundle; includeInIndex = 0; path = AutoMateTests.xctest; sourceTree = BUILT_PRODUCTS_DIR; };
		A84345922E01FBCE00F9680F /* AutoMateUITests.xctest */ = {isa = PBXFileReference; explicitFileType = wrapper.cfbundle; includeInIndex = 0; path = AutoMateUITests.xctest; sourceTree = BUILT_PRODUCTS_DIR; };
/* End PBXFileReference section */

/* Begin PBXFileSystemSynchronizedRootGroup section */
		A843457A2E01FBCD00F9680F /* AutoMate */ = {
			isa = PBXFileSystemSynchronizedRootGroup;
			path = AutoMate;
			sourceTree = "<group>";
		};
		A843458B2E01FBCE00F9680F /* AutoMateTests */ = {
			isa = PBXFileSystemSynchronizedRootGroup;
			path = AutoMateTests;
			sourceTree = "<group>";
		};
		A84345952E01FBCE00F9680F /* AutoMateUITests */ = {
			isa = PBXFileSystemSynchronizedRootGroup;
			path = AutoMateUITests;
			sourceTree = "<group>";
		};
/* End PBXFileSystemSynchronizedRootGroup section */

/* Begin PBXFrameworksBuildPhase section */
		A84345752E01FBCC00F9680F /* Frameworks */ = {
			isa = PBXFrameworksBuildPhase;
			buildActionMask = 2147483647;
			files = (
			);
			runOnlyForDeploymentPostprocessing = 0;
		};
		A84345852E01FBCE00F9680F /* Frameworks */ = {
			isa = PBXFrameworksBuildPhase;
			buildActionMask = 2147483647;
			files = (
			);
			runOnlyForDeploymentPostprocessing = 0;
		};
		A843458F2E01FBCE00F9680F /* Frameworks */ = {
			isa = PBXFrameworksBuildPhase;
			buildActionMask = 2147483647;
			files = (
			);
			runOnlyForDeploymentPostprocessing = 0;
		};
/* End PBXFrameworksBuildPhase section */

/* Begin PBXGroup section */
		A843456F2E01FBCC00F9680F = {
			isa = PBXGroup;
			children = (
				A843457A2E01FBCD00F9680F /* AutoMate */,
				A843458B2E01FBCE00F9680F /* AutoMateTests */,
				A84345952E01FBCE00F9680F /* AutoMateUITests */,
				A84345792E01FBCD00F9680F /* Products */,
			);
			sourceTree = "<group>";
		};
		A84345792E01FBCD00F9680F /* Products */ = {
			isa = PBXGroup;
			children = (
				A84345782E01FBCD00F9680F /* AutoMate.app */,
				A84345882E01FBCE00F9680F /* AutoMateTests.xctest */,
				A84345922E01FBCE00F9680F /* AutoMateUITests.xctest */,
			);
			name = Products;
			sourceTree = "<group>";
		};
/* End PBXGroup section */

/* Begin PBXNativeTarget section */
		A84345772E01FBCC00F9680F /* AutoMate */ = {
			isa = PBXNativeTarget;
			buildConfigurationList = A843459C2E01FBCE00F9680F /* Build configuration list for PBXNativeTarget "AutoMate" */;
			buildPhases = (
				A84345742E01FBCC00F9680F /* Sources */,
				A84345752E01FBCC00F9680F /* Frameworks */,
				A84345762E01FBCC00F9680F /* Resources */,
			);
			buildRules = (
			);
			dependencies = (
			);
			fileSystemSynchronizedGroups = (
				A843457A2E01FBCD00F9680F /* AutoMate */,
			);
			name = AutoMate;
			packageProductDependencies = (
			);
			productName = AutoMate;
			productReference = A84345782E01FBCD00F9680F /* AutoMate.app */;
			productType = "com.apple.product-type.application";
		};
		A84345872E01FBCE00F9680F /* AutoMateTests */ = {
			isa = PBXNativeTarget;
			buildConfigurationList = A843459F2E01FBCE00F9680F /* Build configuration list for PBXNativeTarget "AutoMateTests" */;
			buildPhases = (
				A84345842E01FBCE00F9680F /* Sources */,
				A84345852E01FBCE00F9680F /* Frameworks */,
				A84345862E01FBCE00F9680F /* Resources */,
			);
			buildRules = (
			);
			dependencies = (
				A843458A2E01FBCE00F9680F /* PBXTargetDependency */,
			);
			fileSystemSynchronizedGroups = (
				A843458B2E01FBCE00F9680F /* AutoMateTests */,
			);
			name = AutoMateTests;
			packageProductDependencies = (
			);
			productName = AutoMateTests;
			productReference = A84345882E01FBCE00F9680F /* AutoMateTests.xctest */;
			productType = "com.apple.product-type.bundle.unit-test";
		};
		A84345912E01FBCE00F9680F /* AutoMateUITests */ = {
			isa = PBXNativeTarget;
			buildConfigurationList = A84345A22E01FBCE00F9680F /* Build configuration list for PBXNativeTarget "AutoMateUITests" */;
			buildPhases = (
				A843458E2E01FBCE00F9680F /* Sources */,
				A843458F2E01FBCE00F9680F /* Frameworks */,
				A84345902E01FBCE00F9680F /* Resources */,
			);
			buildRules = (
			);
			dependencies = (
				A84345942E01FBCE00F9680F /* PBXTargetDependency */,
			);
			fileSystemSynchronizedGroups = (
				A84345952E01FBCE00F9680F /* AutoMateUITests */,
			);
			name = AutoMateUITests;
			packageProductDependencies = (
			);
			productName = AutoMateUITests;
			productReference = A84345922E01FBCE00F9680F /* AutoMateUITests.xctest */;
			productType = "com.apple.product-type.bundle.ui-testing";
		};
/* End PBXNativeTarget section */

/* Begin PBXProject section */
		A84345702E01FBCC00F9680F /* Project object */ = {
			isa = PBXProject;
			attributes = {
				BuildIndependentTargetsInParallel = 1;
				LastSwiftUpdateCheck = 1620;
				LastUpgradeCheck = 1620;
				TargetAttributes = {
					A84345772E01FBCC00F9680F = {
						CreatedOnToolsVersion = 16.2;
					};
					A84345872E01FBCE00F9680F = {
						CreatedOnToolsVersion = 16.2;
						TestTargetID = A84345772E01FBCC00F9680F;
					};
					A84345912E01FBCE00F9680F = {
						CreatedOnToolsVersion = 16.2;
						TestTargetID = A84345772E01FBCC00F9680F;
					};
				};
			};
			buildConfigurationList = A84345732E01FBCC00F9680F /* Build configuration list for PBXProject "AutoMate" */;
			developmentRegion = en;
			hasScannedForEncodings = 0;
			knownRegions = (
				en,
				Base,
			);
			mainGroup = A843456F2E01FBCC00F9680F;
			minimizedProjectReferenceProxies = 1;
			preferredProjectObjectVersion = 77;
			productRefGroup = A84345792E01FBCD00F9680F /* Products */;
			projectDirPath = "";
			projectRoot = "";
			targets = (
				A84345772E01FBCC00F9680F /* AutoMate */,
				A84345872E01FBCE00F9680F /* AutoMateTests */,
				A84345912E01FBCE00F9680F /* AutoMateUITests */,
			);
		};
/* End PBXProject section */

/* Begin PBXResourcesBuildPhase section */
		A84345762E01FBCC00F9680F /* Resources */ = {
			isa = PBXResourcesBuildPhase;
			buildActionMask = 2147483647;
			files = (
			);
			runOnlyForDeploymentPostprocessing = 0;
		};
		A84345862E01FBCE00F9680F /* Resources */ = {
			isa = PBXResourcesBuildPhase;
			buildActionMask = 2147483647;
			files = (
			);
			runOnlyForDeploymentPostprocessing = 0;
		};
		A84345902E01FBCE00F9680F /* Resources */ = {
			isa = PBXResourcesBuildPhase;
			buildActionMask = 2147483647;
			files = (
			);
			runOnlyForDeploymentPostprocessing = 0;
		};
/* End PBXResourcesBuildPhase section */

/* Begin PBXSourcesBuildPhase section */
		A84345742E01FBCC00F9680F /* Sources */ = {
			isa = PBXSourcesBuildPhase;
			buildActionMask = 2147483647;
			files = (
			);
			runOnlyForDeploymentPostprocessing = 0;
		};
		A84345842E01FBCE00F9680F /* Sources */ = {
			isa = PBXSourcesBuildPhase;
			buildActionMask = 2147483647;
			files = (
			);
			runOnlyForDeploymentPostprocessing = 0;
		};
		A843458E2E01FBCE00F9680F /* Sources */ = {
			isa = PBXSourcesBuildPhase;
			buildActionMask = 2147483647;
			files = (
			);
			runOnlyForDeploymentPostprocessing = 0;
		};
/* End PBXSourcesBuildPhase section */

/* Begin PBXTargetDependency section */
		A843458A2E01FBCE00F9680F /* PBXTargetDependency */ = {
			isa = PBXTargetDependency;
			target = A84345772E01FBCC00F9680F /* AutoMate */;
			targetProxy = A84345892E01FBCE00F9680F /* PBXContainerItemProxy */;
		};
		A84345942E01FBCE00F9680F /* PBXTargetDependency */ = {
			isa = PBXTargetDependency;
			target = A84345772E01FBCC00F9680F /* AutoMate */;
			targetProxy = A84345932E01FBCE00F9680F /* PBXContainerItemProxy */;
		};
/* End PBXTargetDependency section */

/* Begin XCBuildConfiguration section */
		A843459A2E01FBCE00F9680F /* Debug */ = {
			isa = XCBuildConfiguration;
			buildSettings = {
				ALWAYS_SEARCH_USER_PATHS = NO;
				ASSETCATALOG_COMPILER_GENERATE_SWIFT_ASSET_SYMBOL_EXTENSIONS = YES;
				CLANG_ANALYZER_NONNULL = YES;
				CLANG_ANALYZER_NUMBER_OBJECT_CONVERSION = YES_AGGRESSIVE;
				CLANG_CXX_LANGUAGE_STANDARD = "gnu++20";
				CLANG_ENABLE_MODULES = YES;
				CLANG_ENABLE_OBJC_ARC = YES;
				CLANG_ENABLE_OBJC_WEAK = YES;
				CLANG_WARN_BLOCK_CAPTURE_AUTORELEASING = YES;
				CLANG_WARN_BOOL_CONVERSION = YES;
				CLANG_WARN_COMMA = YES;
				CLANG_WARN_CONSTANT_CONVERSION = YES;
				CLANG_WARN_DEPRECATED_OBJC_IMPLEMENTATIONS = YES;
				CLANG_WARN_DIRECT_OBJC_ISA_USAGE = YES_ERROR;
				CLANG_WARN_DOCUMENTATION_COMMENTS = YES;
				CLANG_WARN_EMPTY_BODY = YES;
				CLANG_WARN_ENUM_CONVERSION = YES;
				CLANG_WARN_INFINITE_RECURSION = YES;
				CLANG_WARN_INT_CONVERSION = YES;
				CLANG_WARN_NON_LITERAL_NULL_CONVERSION = YES;
				CLANG_WARN_OBJC_IMPLICIT_RETAIN_SELF = YES;
				CLANG_WARN_OBJC_LITERAL_CONVERSION = YES;
				CLANG_WARN_OBJC_ROOT_CLASS = YES_ERROR;
				CLANG_WARN_QUOTED_INCLUDE_IN_FRAMEWORK_HEADER = YES;
				CLANG_WARN_RANGE_LOOP_ANALYSIS = YES;
				CLANG_WARN_STRICT_PROTOTYPES = YES;
				CLANG_WARN_SUSPICIOUS_MOVE = YES;
				CLANG_WARN_UNGUARDED_AVAILABILITY = YES_AGGRESSIVE;
				CLANG_WARN_UNREACHABLE_CODE = YES;
				CLANG_WARN__DUPLICATE_METHOD_MATCH = YES;
				COPY_PHASE_STRIP = NO;
				DEBUG_INFORMATION_FORMAT = dwarf;
				ENABLE_STRICT_OBJC_MSGSEND = YES;
				ENABLE_TESTABILITY = YES;
				ENABLE_USER_SCRIPT_SANDBOXING = YES;
				GCC_C_LANGUAGE_STANDARD = gnu17;
				GCC_DYNAMIC_NO_PIC = NO;
				GCC_NO_COMMON_BLOCKS = YES;
				GCC_OPTIMIZATION_LEVEL = 0;
				GCC_PREPROCESSOR_DEFINITIONS = (
					"DEBUG=1",
					"$(inherited)",
				);
				GCC_WARN_64_TO_32_BIT_CONVERSION = YES;
				GCC_WARN_ABOUT_RETURN_TYPE = YES_ERROR;
				GCC_WARN_UNDECLARED_SELECTOR = YES;
				GCC_WARN_UNINITIALIZED_AUTOS = YES_AGGRESSIVE;
				GCC_WARN_UNUSED_FUNCTION = YES;
				GCC_WARN_UNUSED_VARIABLE = YES;
				IPHONEOS_DEPLOYMENT_TARGET = 18.2;
				LOCALIZATION_PREFERS_STRING_CATALOGS = YES;
				MTL_ENABLE_DEBUG_INFO = INCLUDE_SOURCE;
				MTL_FAST_MATH = YES;
				ONLY_ACTIVE_ARCH = YES;
				SDKROOT = iphoneos;
				SWIFT_ACTIVE_COMPILATION_CONDITIONS = "DEBUG $(inherited)";
				SWIFT_OPTIMIZATION_LEVEL = "-Onone";
			};
			name = Debug;
		};
		A843459B2E01FBCE00F9680F /* Release */ = {
			isa = XCBuildConfiguration;
			buildSettings = {
				ALWAYS_SEARCH_USER_PATHS = NO;
				ASSETCATALOG_COMPILER_GENERATE_SWIFT_ASSET_SYMBOL_EXTENSIONS = YES;
				CLANG_ANALYZER_NONNULL = YES;
				CLANG_ANALYZER_NUMBER_OBJECT_CONVERSION = YES_AGGRESSIVE;
				CLANG_CXX_LANGUAGE_STANDARD = "gnu++20";
				CLANG_ENABLE_MODULES = YES;
				CLANG_ENABLE_OBJC_ARC = YES;
				CLANG_ENABLE_OBJC_WEAK = YES;
				CLANG_WARN_BLOCK_CAPTURE_AUTORELEASING = YES;
				CLANG_WARN_BOOL_CONVERSION = YES;
				CLANG_WARN_COMMA = YES;
				CLANG_WARN_CONSTANT_CONVERSION = YES;
				CLANG_WARN_DEPRECATED_OBJC_IMPLEMENTATIONS = YES;
				CLANG_WARN_DIRECT_OBJC_ISA_USAGE = YES_ERROR;
				CLANG_WARN_DOCUMENTATION_COMMENTS = YES;
				CLANG_WARN_EMPTY_BODY = YES;
				CLANG_WARN_ENUM_CONVERSION = YES;
				CLANG_WARN_INFINITE_RECURSION = YES;
				CLANG_WARN_INT_CONVERSION = YES;
				CLANG_WARN_NON_LITERAL_NULL_CONVERSION = YES;
				CLANG_WARN_OBJC_IMPLICIT_RETAIN_SELF = YES;
				CLANG_WARN_OBJC_LITERAL_CONVERSION = YES;
				CLANG_WARN_OBJC_ROOT_CLASS = YES_ERROR;
				CLANG_WARN_QUOTED_INCLUDE_IN_FRAMEWORK_HEADER = YES;
				CLANG_WARN_RANGE_LOOP_ANALYSIS = YES;
				CLANG_WARN_STRICT_PROTOTYPES = YES;
				CLANG_WARN_SUSPICIOUS_MOVE = YES;
				CLANG_WARN_UNGUARDED_AVAILABILITY = YES_AGGRESSIVE;
				CLANG_WARN_UNREACHABLE_CODE = YES;
				CLANG_WARN__DUPLICATE_METHOD_MATCH = YES;
				COPY_PHASE_STRIP = NO;
				DEBUG_INFORMATION_FORMAT = "dwarf-with-dsym";
				ENABLE_NS_ASSERTIONS = NO;
				ENABLE_STRICT_OBJC_MSGSEND = YES;
				ENABLE_USER_SCRIPT_SANDBOXING = YES;
				GCC_C_LANGUAGE_STANDARD = gnu17;
				GCC_NO_COMMON_BLOCKS = YES;
				GCC_WARN_64_TO_32_BIT_CONVERSION = YES;
				GCC_WARN_ABOUT_RETURN_TYPE = YES_ERROR;
				GCC_WARN_UNDECLARED_SELECTOR = YES;
				GCC_WARN_UNINITIALIZED_AUTOS = YES_AGGRESSIVE;
				GCC_WARN_UNUSED_FUNCTION = YES;
				GCC_WARN_UNUSED_VARIABLE = YES;
				IPHONEOS_DEPLOYMENT_TARGET = 18.2;
				LOCALIZATION_PREFERS_STRING_CATALOGS = YES;
				MTL_ENABLE_DEBUG_INFO = NO;
				MTL_FAST_MATH = YES;
				SDKROOT = iphoneos;
				SWIFT_COMPILATION_MODE = wholemodule;
				VALIDATE_PRODUCT = YES;
			};
			name = Release;
		};
		A843459D2E01FBCE00F9680F /* Debug */ = {
			isa = XCBuildConfiguration;
			buildSettings = {
				ASSETCATALOG_COMPILER_APPICON_NAME = AppIcon;
				ASSETCATALOG_COMPILER_GLOBAL_ACCENT_COLOR_NAME = AccentColor;
				CODE_SIGN_STYLE = Automatic;
				CURRENT_PROJECT_VERSION = 1;
				DEVELOPMENT_ASSET_PATHS = "\"AutoMate/Preview Content\"";
				DEVELOPMENT_TEAM = 2HJ2N5UKH5;
				ENABLE_PREVIEWS = YES;
				GENERATE_INFOPLIST_FILE = YES;
				INFOPLIST_KEY_UIApplicationSceneManifest_Generation = YES;
				INFOPLIST_KEY_UIApplicationSupportsIndirectInputEvents = YES;
				INFOPLIST_KEY_UILaunchScreen_Generation = YES;
				INFOPLIST_KEY_UISupportedInterfaceOrientations_iPad = "UIInterfaceOrientationPortrait UIInterfaceOrientationPortraitUpsideDown UIInterfaceOrientationLandscapeLeft UIInterfaceOrientationLandscapeRight";
				INFOPLIST_KEY_UISupportedInterfaceOrientations_iPhone = "UIInterfaceOrientationPortrait UIInterfaceOrientationLandscapeLeft UIInterfaceOrientationLandscapeRight";
				LD_RUNPATH_SEARCH_PATHS = (
					"$(inherited)",
					"@executable_path/Frameworks",
				);
				MARKETING_VERSION = 1.0;
				PRODUCT_BUNDLE_IDENTIFIER = MyWork.AutoMate;
				PRODUCT_NAME = "$(TARGET_NAME)";
				SWIFT_EMIT_LOC_STRINGS = YES;
				SWIFT_VERSION = 5.0;
				TARGETED_DEVICE_FAMILY = "1,2";
			};
			name = Debug;
		};
		A843459E2E01FBCE00F9680F /* Release */ = {
			isa = XCBuildConfiguration;
			buildSettings = {
				ASSETCATALOG_COMPILER_APPICON_NAME = AppIcon;
				ASSETCATALOG_COMPILER_GLOBAL_ACCENT_COLOR_NAME = AccentColor;
				CODE_SIGN_STYLE = Automatic;
				CURRENT_PROJECT_VERSION = 1;
				DEVELOPMENT_ASSET_PATHS = "\"AutoMate/Preview Content\"";
				DEVELOPMENT_TEAM = 2HJ2N5UKH5;
				ENABLE_PREVIEWS = YES;
				GENERATE_INFOPLIST_FILE = YES;
				INFOPLIST_KEY_UIApplicationSceneManifest_Generation = YES;
				INFOPLIST_KEY_UIApplicationSupportsIndirectInputEvents = YES;
				INFOPLIST_KEY_UILaunchScreen_Generation = YES;
				INFOPLIST_KEY_UISupportedInterfaceOrientations_iPad = "UIInterfaceOrientationPortrait UIInterfaceOrientationPortraitUpsideDown UIInterfaceOrientationLandscapeLeft UIInterfaceOrientationLandscapeRight";
				INFOPLIST_KEY_UISupportedInterfaceOrientations_iPhone = "UIInterfaceOrientationPortrait UIInterfaceOrientationLandscapeLeft UIInterfaceOrientationLandscapeRight";
				LD_RUNPATH_SEARCH_PATHS = (
					"$(inherited)",
					"@executable_path/Frameworks",
				);
				MARKETING_VERSION = 1.0;
				PRODUCT_BUNDLE_IDENTIFIER = MyWork.AutoMate;
				PRODUCT_NAME = "$(TARGET_NAME)";
				SWIFT_EMIT_LOC_STRINGS = YES;
				SWIFT_VERSION = 5.0;
				TARGETED_DEVICE_FAMILY = "1,2";
			};
			name = Release;
		};
		A84345A02E01FBCE00F9680F /* Debug */ = {
			isa = XCBuildConfiguration;
			buildSettings = {
				BUNDLE_LOADER = "$(TEST_HOST)";
				CODE_SIGN_STYLE = Automatic;
				CURRENT_PROJECT_VERSION = 1;
				DEVELOPMENT_TEAM = 2HJ2N5UKH5;
				GENERATE_INFOPLIST_FILE = YES;
				IPHONEOS_DEPLOYMENT_TARGET = 18.2;
				MARKETING_VERSION = 1.0;
				PRODUCT_BUNDLE_IDENTIFIER = MyWork.AutoMateTests;
				PRODUCT_NAME = "$(TARGET_NAME)";
				SWIFT_EMIT_LOC_STRINGS = NO;
				SWIFT_VERSION = 5.0;
				TARGETED_DEVICE_FAMILY = "1,2";
				TEST_HOST = "$(BUILT_PRODUCTS_DIR)/AutoMate.app/$(BUNDLE_EXECUTABLE_FOLDER_PATH)/AutoMate";
			};
			name = Debug;
		};
		A84345A12E01FBCE00F9680F /* Release */ = {
			isa = XCBuildConfiguration;
			buildSettings = {
				BUNDLE_LOADER = "$(TEST_HOST)";
				CODE_SIGN_STYLE = Automatic;
				CURRENT_PROJECT_VERSION = 1;
				DEVELOPMENT_TEAM = 2HJ2N5UKH5;
				GENERATE_INFOPLIST_FILE = YES;
				IPHONEOS_DEPLOYMENT_TARGET = 18.2;
				MARKETING_VERSION = 1.0;
				PRODUCT_BUNDLE_IDENTIFIER = MyWork.AutoMateTests;
				PRODUCT_NAME = "$(TARGET_NAME)";
				SWIFT_EMIT_LOC_STRINGS = NO;
				SWIFT_VERSION = 5.0;
				TARGETED_DEVICE_FAMILY = "1,2";
				TEST_HOST = "$(BUILT_PRODUCTS_DIR)/AutoMate.app/$(BUNDLE_EXECUTABLE_FOLDER_PATH)/AutoMate";
			};
			name = Release;
		};
		A84345A32E01FBCE00F9680F /* Debug */ = {
			isa = XCBuildConfiguration;
			buildSettings = {
				CODE_SIGN_STYLE = Automatic;
				CURRENT_PROJECT_VERSION = 1;
				DEVELOPMENT_TEAM = 2HJ2N5UKH5;
				GENERATE_INFOPLIST_FILE = YES;
				MARKETING_VERSION = 1.0;
				PRODUCT_BUNDLE_IDENTIFIER = MyWork.AutoMateUITests;
				PRODUCT_NAME = "$(TARGET_NAME)";
				SWIFT_EMIT_LOC_STRINGS = NO;
				SWIFT_VERSION = 5.0;
				TARGETED_DEVICE_FAMILY = "1,2";
				TEST_TARGET_NAME = AutoMate;
			};
			name = Debug;
		};
		A84345A42E01FBCE00F9680F /* Release */ = {
			isa = XCBuildConfiguration;
			buildSettings = {
				CODE_SIGN_STYLE = Automatic;
				CURRENT_PROJECT_VERSION = 1;
				DEVELOPMENT_TEAM = 2HJ2N5UKH5;
				GENERATE_INFOPLIST_FILE = YES;
				MARKETING_VERSION = 1.0;
				PRODUCT_BUNDLE_IDENTIFIER = MyWork.AutoMateUITests;
				PRODUCT_NAME = "$(TARGET_NAME)";
				SWIFT_EMIT_LOC_STRINGS = NO;
				SWIFT_VERSION = 5.0;
				TARGETED_DEVICE_FAMILY = "1,2";
				TEST_TARGET_NAME = AutoMate;
			};
			name = Release;
		};
/* End XCBuildConfiguration section */

/* Begin XCConfigurationList section */
		A84345732E01FBCC00F9680F /* Build configuration list for PBXProject "AutoMate" */ = {
			isa = XCConfigurationList;
			buildConfigurations = (
				A843459A2E01FBCE00F9680F /* Debug */,
				A843459B2E01FBCE00F9680F /* Release */,
			);
			defaultConfigurationIsVisible = 0;
			defaultConfigurationName = Release;
		};
		A843459C2E01FBCE00F9680F /* Build configuration list for PBXNativeTarget "AutoMate" */ = {
			isa = XCConfigurationList;
			buildConfigurations = (
				A843459D2E01FBCE00F9680F /* Debug */,
				A843459E2E01FBCE00F9680F /* Release */,
			);
			defaultConfigurationIsVisible = 0;
			defaultConfigurationName = Release;
		};
		A843459F2E01FBCE00F9680F /* Build configuration list for PBXNativeTarget "AutoMateTests" */ = {
			isa = XCConfigurationList;
			buildConfigurations = (
				A84345A02E01FBCE00F9680F /* Debug */,
				A84345A12E01FBCE00F9680F /* Release */,
			);
			defaultConfigurationIsVisible = 0;
			defaultConfigurationName = Release;
		};
		A84345A22E01FBCE00F9680F /* Build configuration list for PBXNativeTarget "AutoMateUITests" */ = {
			isa = XCConfigurationList;
			buildConfigurations = (
				A84345A32E01FBCE00F9680F /* Debug */,
				A84345A42E01FBCE00F9680F /* Release */,
			);
			defaultConfigurationIsVisible = 0;
			defaultConfigurationName = Release;
		};
/* End XCConfigurationList section */
	};
	rootObject = A84345702E01FBCC00F9680F /* Project object */;
}
